
Microsoft Visual Studio Solution File, Format Version 12.00
# Visual Studio Version 17
VisualStudioVersion = 17.14.36511.14
MinimumVisualStudioVersion = 10.0.40219.1
Project("{FAE04EC0-301F-11D3-BF4B-00C04F79EFBC}") = "SchoolManagerment", "2_QuanLyTruongHoc\SchoolManagerment.csproj", "{5F957090-E02F-401E-89B0-19D382982CA5}"
EndProject
Project("{FAE04EC0-301F-11D3-BF4B-00C04F79EFBC}") = "ArenaOfMonster", "1_DauTruongQuaiVat\ArenaOfMonster\ArenaOfMonster.csproj", "{40B7A03A-D14B-4752-884D-9FECF38A463D}"
EndProject
Project("{FAE04EC0-301F-11D3-BF4B-00C04F79EFBC}") = "BankManagement", "3_QuanLyNganHang\BankManagement\BankManagement.csproj", "{C43DF253-A05E-4FC0-9C06-E7AF9833CE7F}"
EndProject
Project("{FAE04EC0-301F-11D3-BF4B-00C04F79EFBC}") = "StudentManagement", "4_QuanLySinhVien\StudentManagement\StudentManagement.csproj", "{60B1435F-D5B1-41EF-8F31-25B0CB88C019}"
EndProject
Project("{FAE04EC0-301F-11D3-BF4B-00C04F79EFBC}") = "BankManagerment2", "5_QuanLyNganHang2\BankManagerment2.csproj", "{FB1A5598-AA6F-40AC-8DD2-F8666B05DE17}"
EndProject
Project("{FAE04EC0-301F-11D3-BF4B-00C04F79EFBC}") = "6_WarriorWars-Udemy", "6_WarriorWars-Udemy\6_WarriorWars-Udemy.csproj", "{0B24F824-19E5-46E7-BCEF-68D550588CED}"
EndProject
Project("{FAE04EC0-301F-11D3-BF4B-00C04F79EFBC}") = "Buoi4-OOP", "7_Buoi4-OOP\Buoi4-OOP.csproj", "{4CC07147-9F9D-CE18-7500-2D3580448EFD}"
EndProject
Global
	GlobalSection(SolutionConfigurationPlatforms) = preSolution
		Debug|Any CPU = Debug|Any CPU
		Release|Any CPU = Release|Any CPU
	EndGlobalSection
	GlobalSection(ProjectConfigurationPlatforms) = postSolution
		{5F957090-E02F-401E-89B0-19D382982CA5}.Debug|Any CPU.ActiveCfg = Debug|Any CPU
		{5F957090-E02F-401E-89B0-19D382982CA5}.Debug|Any CPU.Build.0 = Debug|Any CPU
		{5F957090-E02F-401E-89B0-19D382982CA5}.Release|Any CPU.ActiveCfg = Release|Any CPU
		{5F957090-E02F-401E-89B0-19D382982CA5}.Release|Any CPU.Build.0 = Release|Any CPU
		{40B7A03A-D14B-4752-884D-9FECF38A463D}.Debug|Any CPU.ActiveCfg = Debug|Any CPU
		{40B7A03A-D14B-4752-884D-9FECF38A463D}.Debug|Any CPU.Build.0 = Debug|Any CPU
		{40B7A03A-D14B-4752-884D-9FECF38A463D}.Release|Any CPU.ActiveCfg = Release|Any CPU
		{40B7A03A-D14B-4752-884D-9FECF38A463D}.Release|Any CPU.Build.0 = Release|Any CPU
		{C43DF253-A05E-4FC0-9C06-E7AF9833CE7F}.Debug|Any CPU.ActiveCfg = Debug|Any CPU
		{C43DF253-A05E-4FC0-9C06-E7AF9833CE7F}.Debug|Any CPU.Build.0 = Debug|Any CPU
		{C43DF253-A05E-4FC0-9C06-E7AF9833CE7F}.Release|Any CPU.ActiveCfg = Release|Any CPU
		{C43DF253-A05E-4FC0-9C06-E7AF9833CE7F}.Release|Any CPU.Build.0 = Release|Any CPU
		{60B1435F-D5B1-41EF-8F31-25B0CB88C019}.Debug|Any CPU.ActiveCfg = Debug|Any CPU
		{60B1435F-D5B1-41EF-8F31-25B0CB88C019}.Debug|Any CPU.Build.0 = Debug|Any CPU
		{60B1435F-D5B1-41EF-8F31-25B0CB88C019}.Release|Any CPU.ActiveCfg = Release|Any CPU
		{60B1435F-D5B1-41EF-8F31-25B0CB88C019}.Release|Any CPU.Build.0 = Release|Any CPU
		{FB1A5598-AA6F-40AC-8DD2-F8666B05DE17}.Debug|Any CPU.ActiveCfg = Debug|Any CPU
		{FB1A5598-AA6F-40AC-8DD2-F8666B05DE17}.Debug|Any CPU.Build.0 = Debug|Any CPU
		{FB1A5598-AA6F-40AC-8DD2-F8666B05DE17}.Release|Any CPU.ActiveCfg = Release|Any CPU
		{FB1A5598-AA6F-40AC-8DD2-F8666B05DE17}.Release|Any CPU.Build.0 = Release|Any CPU
		{0B24F824-19E5-46E7-BCEF-68D550588CED}.Debug|Any CPU.ActiveCfg = Debug|Any CPU
		{0B24F824-19E5-46E7-BCEF-68D550588CED}.Debug|Any CPU.Build.0 = Debug|Any CPU
		{0B24F824-19E5-46E7-BCEF-68D550588CED}.Release|Any CPU.ActiveCfg = Release|Any CPU
		{0B24F824-19E5-46E7-BCEF-68D550588CED}.Release|Any CPU.Build.0 = Release|Any CPU
		{4CC07147-9F9D-CE18-7500-2D3580448EFD}.Debug|Any CPU.ActiveCfg = Debug|Any CPU
		{4CC07147-9F9D-CE18-7500-2D3580448EFD}.Debug|Any CPU.Build.0 = Debug|Any CPU
		{4CC07147-9F9D-CE18-7500-2D3580448EFD}.Release|Any CPU.ActiveCfg = Release|Any CPU
		{4CC07147-9F9D-CE18-7500-2D3580448EFD}.Release|Any CPU.Build.0 = Release|Any CPU
	EndGlobalSection
	GlobalSection(SolutionProperties) = preSolution
		HideSolutionNode = FALSE
	EndGlobalSection
	GlobalSection(ExtensibilityGlobals) = postSolution
		SolutionGuid = {4B6478A6-4BAD-464C-B929-C680C8917A34}
	EndGlobalSection
EndGlobal
