
Microsoft Visual Studio Solution File, Format Version 12.00
# Visual Studio Version 17
VisualStudioVersion = 17.14.36511.14 d17.14
MinimumVisualStudioVersion = 10.0.40219.1
Project("{FAE04EC0-301F-11D3-BF4B-00C04F79EFBC}") = "ArenaOfMonster", "ArenaOfMonster\ArenaOfMonster.csproj", "{40B7A03A-D14B-4752-884D-9FECF38A463D}"
EndProject
Global
	GlobalSection(SolutionConfigurationPlatforms) = preSolution
		Debug|Any CPU = Debug|Any CPU
		Release|Any CPU = Release|Any CPU
	EndGlobalSection
	GlobalSection(ProjectConfigurationPlatforms) = postSolution
		{40B7A03A-D14B-4752-884D-9FECF38A463D}.Debug|Any CPU.ActiveCfg = Debug|Any CPU
		{40B7A03A-D14B-4752-884D-9FECF38A463D}.Debug|Any CPU.Build.0 = Debug|Any CPU
		{40B7A03A-D14B-4752-884D-9FECF38A463D}.Release|Any CPU.ActiveCfg = Release|Any CPU
		{40B7A03A-D14B-4752-884D-9FECF38A463D}.Release|Any CPU.Build.0 = Release|Any CPU
	EndGlobalSection
	GlobalSection(SolutionProperties) = preSolution
		HideSolutionNode = FALSE
	EndGlobalSection
	GlobalSection(ExtensibilityGlobals) = postSolution
		SolutionGuid = {9D4D1CDE-349D-4B9B-A39E-081669611624}
	EndGlobalSection
EndGlobal
